
Microsoft Visual Studio Solution File, Format Version 12.00
# Visual Studio 15
VisualStudioVersion = 15.0.28010.2046
MinimumVisualStudioVersion = 10.0.40219.1
Project("{FAE04EC0-301F-11D3-BF4B-00C04F79EFBC}") = "DanmuRocket", "src/displayer-windows/DanmuDisplayerWin.csproj", "{12789687-CB4C-4FB0-BE61-582804414372}"
EndProject
Global
	GlobalSection(SolutionConfigurationPlatforms) = preSolution
		Debug|x86 = Debug|x86
		Release|x86 = Release|x86
	EndGlobalSection
	GlobalSection(ProjectConfigurationPlatforms) = postSolution
		{12789687-CB4C-4FB0-BE61-582804414372}.Debug|x86.ActiveCfg = Debug|x86
		{12789687-CB4C-4FB0-BE61-582804414372}.Debug|x86.Build.0 = Debug|x86
		{12789687-CB4C-4FB0-BE61-582804414372}.Release|x86.ActiveCfg = Release|x86
		{12789687-CB4C-4FB0-BE61-582804414372}.Release|x86.Build.0 = Release|x86
	EndGlobalSection
	GlobalSection(SolutionProperties) = preSolution
		HideSolutionNode = FALSE
	EndGlobalSection
	GlobalSection(ExtensibilityGlobals) = postSolution
		SolutionGuid = {DCBF3236-25A0-40F6-A517-7B67ED2F5975}
	EndGlobalSection
EndGlobal
